// !$*UTF8*$!
{
	archiveVersion = 1;
	classes = {
	};
	objectVersion = 55;
	objects = {

/* Begin PBXBuildFile section */
		2A02C40529C3308A00A59792 /* BindingBootCamp.swift in Sources */ = {isa = PBXBuildFile; fileRef = 2A02C40429C3308A00A59792 /* BindingBootCamp.swift */; };
		2A02C40729C33B5A00A59792 /* conditionalBootCamp.swift in Sources */ = {isa = PBXBuildFile; fileRef = 2A02C40629C33B5A00A59792 /* conditionalBootCamp.swift */; };
		2A02C40929C34F6800A59792 /* AnimationBootCamp.swift in Sources */ = {isa = PBXBuildFile; fileRef = 2A02C40829C34F6800A59792 /* AnimationBootCamp.swift */; };
		2A02C40B29C3568C00A59792 /* SheetsBootCamp.swift in Sources */ = {isa = PBXBuildFile; fileRef = 2A02C40A29C3568C00A59792 /* SheetsBootCamp.swift */; };
		2A02C40D29C3650F00A59792 /* navigationBootCamp.swift in Sources */ = {isa = PBXBuildFile; fileRef = 2A02C40C29C3650F00A59792 /* navigationBootCamp.swift */; };
		2A02C41129C37F4600A59792 /* ListBootCamp.swift in Sources */ = {isa = PBXBuildFile; fileRef = 2A02C41029C37F4600A59792 /* ListBootCamp.swift */; };
		2A02C41329C395B800A59792 /* TextBootCamp.swift in Sources */ = {isa = PBXBuildFile; fileRef = 2A02C41229C395B800A59792 /* TextBootCamp.swift */; };
		2A02C41529C44CD300A59792 /* TabviewBootCamp.swift in Sources */ = {isa = PBXBuildFile; fileRef = 2A02C41429C44CD300A59792 /* TabviewBootCamp.swift */; };
		2A7F5A5729BE9E5E005CAF84 /* SwiftUILearningApp.swift in Sources */ = {isa = PBXBuildFile; fileRef = 2A7F5A5629BE9E5E005CAF84 /* SwiftUILearningApp.swift */; };
		2A7F5A5929BE9E5E005CAF84 /* ContentView.swift in Sources */ = {isa = PBXBuildFile; fileRef = 2A7F5A5829BE9E5E005CAF84 /* ContentView.swift */; };
		2A7F5A5B29BE9E60005CAF84 /* Assets.xcassets in Resources */ = {isa = PBXBuildFile; fileRef = 2A7F5A5A29BE9E60005CAF84 /* Assets.xcassets */; };
		2A7F5A5E29BE9E60005CAF84 /* Preview Assets.xcassets in Resources */ = {isa = PBXBuildFile; fileRef = 2A7F5A5D29BE9E60005CAF84 /* Preview Assets.xcassets */; };
		2A7F5A6029BE9E60005CAF84 /* Persistence.swift in Sources */ = {isa = PBXBuildFile; fileRef = 2A7F5A5F29BE9E60005CAF84 /* Persistence.swift */; };
		2A7F5A6329BE9E60005CAF84 /* SwiftUILearning.xcdatamodeld in Sources */ = {isa = PBXBuildFile; fileRef = 2A7F5A6129BE9E60005CAF84 /* SwiftUILearning.xcdatamodeld */; };
		2A85952F29C0E9B400B062F9 /* overlayBootCamp.swift in Sources */ = {isa = PBXBuildFile; fileRef = 2A85952E29C0E9B400B062F9 /* overlayBootCamp.swift */; };
		2A85953129C1B69700B062F9 /* VHZStackBootCamp.swift in Sources */ = {isa = PBXBuildFile; fileRef = 2A85953029C1B69700B062F9 /* VHZStackBootCamp.swift */; };
		2A85953529C1CD5A00B062F9 /* PeddingBootCamp.swift in Sources */ = {isa = PBXBuildFile; fileRef = 2A85953429C1CD5A00B062F9 /* PeddingBootCamp.swift */; };
		2A85953729C1D1CC00B062F9 /* initialiserBootCamp.swift in Sources */ = {isa = PBXBuildFile; fileRef = 2A85953629C1D1CC00B062F9 /* initialiserBootCamp.swift */; };
		2A85953929C1D88A00B062F9 /* ForEachBootCamp.swift in Sources */ = {isa = PBXBuildFile; fileRef = 2A85953829C1D88A00B062F9 /* ForEachBootCamp.swift */; };
		2A85953B29C1DBED00B062F9 /* ScrollViewBootCamp.swift in Sources */ = {isa = PBXBuildFile; fileRef = 2A85953A29C1DBED00B062F9 /* ScrollViewBootCamp.swift */; };
		2A85953D29C222E100B062F9 /* GridBootCamp.swift in Sources */ = {isa = PBXBuildFile; fileRef = 2A85953C29C222E100B062F9 /* GridBootCamp.swift */; };
		2A85953F29C2324000B062F9 /* ButtonBootCamp.swift in Sources */ = {isa = PBXBuildFile; fileRef = 2A85953E29C2324000B062F9 /* ButtonBootCamp.swift */; };
		2A8B8D9C29C24553004F9641 /* ExtractBootCamp.swift in Sources */ = {isa = PBXBuildFile; fileRef = 2A8B8D9B29C24553004F9641 /* ExtractBootCamp.swift */; };
		2AB6A04929BF2DBE000C11F3 /* ShapesBootcamp.swift in Sources */ = {isa = PBXBuildFile; fileRef = 2AB6A04829BF2DBE000C11F3 /* ShapesBootcamp.swift */; };
		2AB6A04B29BF847E000C11F3 /* colorBootCamp.swift in Sources */ = {isa = PBXBuildFile; fileRef = 2AB6A04A29BF847E000C11F3 /* colorBootCamp.swift */; };
		2AB6A04D29BF9E83000C11F3 /* imageBootCamp.swift in Sources */ = {isa = PBXBuildFile; fileRef = 2AB6A04C29BF9E83000C11F3 /* imageBootCamp.swift */; };
		2AB6A04F29BFA290000C11F3 /* FrameBootCamp.swift in Sources */ = {isa = PBXBuildFile; fileRef = 2AB6A04E29BFA290000C11F3 /* FrameBootCamp.swift */; };
		2AB80A3129C4790300C36F71 /* onAppearBootCamp.swift in Sources */ = {isa = PBXBuildFile; fileRef = 2AB80A3029C4790300C36F71 /* onAppearBootCamp.swift */; };
		2AB80A3329C4887F00C36F71 /* ModelBootCamp.swift in Sources */ = {isa = PBXBuildFile; fileRef = 2AB80A3229C4887F00C36F71 /* ModelBootCamp.swift */; };
		2AB80A3529C48FA000C36F71 /* ViewModelBotCamp.swift in Sources */ = {isa = PBXBuildFile; fileRef = 2AB80A3429C48FA000C36F71 /* ViewModelBotCamp.swift */; };
		2AB80A3729C4C3C300C36F71 /* EnvironmentBootCamp.swift in Sources */ = {isa = PBXBuildFile; fileRef = 2AB80A3629C4C3C300C36F71 /* EnvironmentBootCamp.swift */; };
/* End PBXBuildFile section */

/* Begin PBXFileReference section */
		2A02C40429C3308A00A59792 /* BindingBootCamp.swift */ = {isa = PBXFileReference; lastKnownFileType = sourcecode.swift; path = BindingBootCamp.swift; sourceTree = "<group>"; };
		2A02C40629C33B5A00A59792 /* conditionalBootCamp.swift */ = {isa = PBXFileReference; lastKnownFileType = sourcecode.swift; path = conditionalBootCamp.swift; sourceTree = "<group>"; };
		2A02C40829C34F6800A59792 /* AnimationBootCamp.swift */ = {isa = PBXFileReference; lastKnownFileType = sourcecode.swift; path = AnimationBootCamp.swift; sourceTree = "<group>"; };
		2A02C40A29C3568C00A59792 /* SheetsBootCamp.swift */ = {isa = PBXFileReference; lastKnownFileType = sourcecode.swift; path = SheetsBootCamp.swift; sourceTree = "<group>"; };
		2A02C40C29C3650F00A59792 /* navigationBootCamp.swift */ = {isa = PBXFileReference; lastKnownFileType = sourcecode.swift; path = navigationBootCamp.swift; sourceTree = "<group>"; };
		2A02C41029C37F4600A59792 /* ListBootCamp.swift */ = {isa = PBXFileReference; lastKnownFileType = sourcecode.swift; path = ListBootCamp.swift; sourceTree = "<group>"; };
		2A02C41229C395B800A59792 /* TextBootCamp.swift */ = {isa = PBXFileReference; lastKnownFileType = sourcecode.swift; path = TextBootCamp.swift; sourceTree = "<group>"; };
		2A02C41429C44CD300A59792 /* TabviewBootCamp.swift */ = {isa = PBXFileReference; lastKnownFileType = sourcecode.swift; path = TabviewBootCamp.swift; sourceTree = "<group>"; };
		2A7F5A5329BE9E5E005CAF84 /* SwiftUILearning.app */ = {isa = PBXFileReference; explicitFileType = wrapper.application; includeInIndex = 0; path = SwiftUILearning.app; sourceTree = BUILT_PRODUCTS_DIR; };
		2A7F5A5629BE9E5E005CAF84 /* SwiftUILearningApp.swift */ = {isa = PBXFileReference; lastKnownFileType = sourcecode.swift; path = SwiftUILearningApp.swift; sourceTree = "<group>"; };
		2A7F5A5829BE9E5E005CAF84 /* ContentView.swift */ = {isa = PBXFileReference; lastKnownFileType = sourcecode.swift; path = ContentView.swift; sourceTree = "<group>"; };
		2A7F5A5A29BE9E60005CAF84 /* Assets.xcassets */ = {isa = PBXFileReference; lastKnownFileType = folder.assetcatalog; path = Assets.xcassets; sourceTree = "<group>"; };
		2A7F5A5D29BE9E60005CAF84 /* Preview Assets.xcassets */ = {isa = PBXFileReference; lastKnownFileType = folder.assetcatalog; path = "Preview Assets.xcassets"; sourceTree = "<group>"; };
		2A7F5A5F29BE9E60005CAF84 /* Persistence.swift */ = {isa = PBXFileReference; lastKnownFileType = sourcecode.swift; path = Persistence.swift; sourceTree = "<group>"; };
		2A7F5A6229BE9E60005CAF84 /* SwiftUILearning.xcdatamodel */ = {isa = PBXFileReference; lastKnownFileType = wrapper.xcdatamodel; path = SwiftUILearning.xcdatamodel; sourceTree = "<group>"; };
		2A85952E29C0E9B400B062F9 /* overlayBootCamp.swift */ = {isa = PBXFileReference; lastKnownFileType = sourcecode.swift; path = overlayBootCamp.swift; sourceTree = "<group>"; };
		2A85953029C1B69700B062F9 /* VHZStackBootCamp.swift */ = {isa = PBXFileReference; lastKnownFileType = sourcecode.swift; path = VHZStackBootCamp.swift; sourceTree = "<group>"; };
		2A85953429C1CD5A00B062F9 /* PeddingBootCamp.swift */ = {isa = PBXFileReference; lastKnownFileType = sourcecode.swift; path = PeddingBootCamp.swift; sourceTree = "<group>"; };
		2A85953629C1D1CC00B062F9 /* initialiserBootCamp.swift */ = {isa = PBXFileReference; lastKnownFileType = sourcecode.swift; path = initialiserBootCamp.swift; sourceTree = "<group>"; };
		2A85953829C1D88A00B062F9 /* ForEachBootCamp.swift */ = {isa = PBXFileReference; lastKnownFileType = sourcecode.swift; path = ForEachBootCamp.swift; sourceTree = "<group>"; };
		2A85953A29C1DBED00B062F9 /* ScrollViewBootCamp.swift */ = {isa = PBXFileReference; lastKnownFileType = sourcecode.swift; path = ScrollViewBootCamp.swift; sourceTree = "<group>"; };
		2A85953C29C222E100B062F9 /* GridBootCamp.swift */ = {isa = PBXFileReference; lastKnownFileType = sourcecode.swift; path = GridBootCamp.swift; sourceTree = "<group>"; };
		2A85953E29C2324000B062F9 /* ButtonBootCamp.swift */ = {isa = PBXFileReference; lastKnownFileType = sourcecode.swift; path = ButtonBootCamp.swift; sourceTree = "<group>"; };
		2A8B8D9B29C24553004F9641 /* ExtractBootCamp.swift */ = {isa = PBXFileReference; lastKnownFileType = sourcecode.swift; path = ExtractBootCamp.swift; sourceTree = "<group>"; };
		2AB6A04829BF2DBE000C11F3 /* ShapesBootcamp.swift */ = {isa = PBXFileReference; lastKnownFileType = sourcecode.swift; path = ShapesBootcamp.swift; sourceTree = "<group>"; };
		2AB6A04A29BF847E000C11F3 /* colorBootCamp.swift */ = {isa = PBXFileReference; lastKnownFileType = sourcecode.swift; path = colorBootCamp.swift; sourceTree = "<group>"; };
		2AB6A04C29BF9E83000C11F3 /* imageBootCamp.swift */ = {isa = PBXFileReference; lastKnownFileType = sourcecode.swift; path = imageBootCamp.swift; sourceTree = "<group>"; };
		2AB6A04E29BFA290000C11F3 /* FrameBootCamp.swift */ = {isa = PBXFileReference; lastKnownFileType = sourcecode.swift; path = FrameBootCamp.swift; sourceTree = "<group>"; };
		2AB80A3029C4790300C36F71 /* onAppearBootCamp.swift */ = {isa = PBXFileReference; lastKnownFileType = sourcecode.swift; path = onAppearBootCamp.swift; sourceTree = "<group>"; };
		2AB80A3229C4887F00C36F71 /* ModelBootCamp.swift */ = {isa = PBXFileReference; lastKnownFileType = sourcecode.swift; path = ModelBootCamp.swift; sourceTree = "<group>"; };
		2AB80A3429C48FA000C36F71 /* ViewModelBotCamp.swift */ = {isa = PBXFileReference; lastKnownFileType = sourcecode.swift; path = ViewModelBotCamp.swift; sourceTree = "<group>"; };
		2AB80A3629C4C3C300C36F71 /* EnvironmentBootCamp.swift */ = {isa = PBXFileReference; lastKnownFileType = sourcecode.swift; path = EnvironmentBootCamp.swift; sourceTree = "<group>"; };
/* End PBXFileReference section */

/* Begin PBXFrameworksBuildPhase section */
		2A7F5A5029BE9E5E005CAF84 /* Frameworks */ = {
			isa = PBXFrameworksBuildPhase;
			buildActionMask = 2147483647;
			files = (
			);
			runOnlyForDeploymentPostprocessing = 0;
		};
/* End PBXFrameworksBuildPhase section */

/* Begin PBXGroup section */
		2A7F5A4A29BE9E5E005CAF84 = {
			isa = PBXGroup;
			children = (
				2A7F5A5529BE9E5E005CAF84 /* SwiftUILearning */,
				2A7F5A5429BE9E5E005CAF84 /* Products */,
			);
			sourceTree = "<group>";
		};
		2A7F5A5429BE9E5E005CAF84 /* Products */ = {
			isa = PBXGroup;
			children = (
				2A7F5A5329BE9E5E005CAF84 /* SwiftUILearning.app */,
			);
			name = Products;
			sourceTree = "<group>";
		};
		2A7F5A5529BE9E5E005CAF84 /* SwiftUILearning */ = {
			isa = PBXGroup;
			children = (
				2A7F5A5629BE9E5E005CAF84 /* SwiftUILearningApp.swift */,
				2A7F5A5829BE9E5E005CAF84 /* ContentView.swift */,
				2AB6A04829BF2DBE000C11F3 /* ShapesBootcamp.swift */,
				2AB6A04A29BF847E000C11F3 /* colorBootCamp.swift */,
				2AB6A04C29BF9E83000C11F3 /* imageBootCamp.swift */,
				2AB6A04E29BFA290000C11F3 /* FrameBootCamp.swift */,
				2A85952E29C0E9B400B062F9 /* overlayBootCamp.swift */,
				2A85953029C1B69700B062F9 /* VHZStackBootCamp.swift */,
				2A85953429C1CD5A00B062F9 /* PeddingBootCamp.swift */,
				2A85953629C1D1CC00B062F9 /* initialiserBootCamp.swift */,
				2A85953829C1D88A00B062F9 /* ForEachBootCamp.swift */,
				2A85953A29C1DBED00B062F9 /* ScrollViewBootCamp.swift */,
				2A85953C29C222E100B062F9 /* GridBootCamp.swift */,
				2A85953E29C2324000B062F9 /* ButtonBootCamp.swift */,
				2A8B8D9B29C24553004F9641 /* ExtractBootCamp.swift */,
				2A02C40429C3308A00A59792 /* BindingBootCamp.swift */,
				2A02C40629C33B5A00A59792 /* conditionalBootCamp.swift */,
				2A02C40829C34F6800A59792 /* AnimationBootCamp.swift */,
				2A02C40A29C3568C00A59792 /* SheetsBootCamp.swift */,
				2A02C40C29C3650F00A59792 /* navigationBootCamp.swift */,
				2A02C41029C37F4600A59792 /* ListBootCamp.swift */,
				2A02C41229C395B800A59792 /* TextBootCamp.swift */,
				2A02C41429C44CD300A59792 /* TabviewBootCamp.swift */,
				2AB80A3029C4790300C36F71 /* onAppearBootCamp.swift */,
				2AB80A3229C4887F00C36F71 /* ModelBootCamp.swift */,
				2AB80A3429C48FA000C36F71 /* ViewModelBotCamp.swift */,
				2AB80A3629C4C3C300C36F71 /* EnvironmentBootCamp.swift */,
				2A7F5A5A29BE9E60005CAF84 /* Assets.xcassets */,
				2A7F5A5F29BE9E60005CAF84 /* Persistence.swift */,
				2A7F5A6129BE9E60005CAF84 /* SwiftUILearning.xcdatamodeld */,
				2A7F5A5C29BE9E60005CAF84 /* Preview Content */,
			);
			path = SwiftUILearning;
			sourceTree = "<group>";
		};
		2A7F5A5C29BE9E60005CAF84 /* Preview Content */ = {
			isa = PBXGroup;
			children = (
				2A7F5A5D29BE9E60005CAF84 /* Preview Assets.xcassets */,
			);
			path = "Preview Content";
			sourceTree = "<group>";
		};
/* End PBXGroup section */

/* Begin PBXNativeTarget section */
		2A7F5A5229BE9E5E005CAF84 /* SwiftUILearning */ = {
			isa = PBXNativeTarget;
			buildConfigurationList = 2A7F5A6629BE9E60005CAF84 /* Build configuration list for PBXNativeTarget "SwiftUILearning" */;
			buildPhases = (
				2A7F5A4F29BE9E5E005CAF84 /* Sources */,
				2A7F5A5029BE9E5E005CAF84 /* Frameworks */,
				2A7F5A5129BE9E5E005CAF84 /* Resources */,
			);
			buildRules = (
			);
			dependencies = (
			);
			name = SwiftUILearning;
			productName = SwiftUILearning;
			productReference = 2A7F5A5329BE9E5E005CAF84 /* SwiftUILearning.app */;
			productType = "com.apple.product-type.application";
		};
/* End PBXNativeTarget section */

/* Begin PBXProject section */
		2A7F5A4B29BE9E5E005CAF84 /* Project object */ = {
			isa = PBXProject;
			attributes = {
				BuildIndependentTargetsInParallel = 1;
				LastSwiftUpdateCheck = 1340;
				LastUpgradeCheck = 1340;
				TargetAttributes = {
					2A7F5A5229BE9E5E005CAF84 = {
						CreatedOnToolsVersion = 13.4;
					};
				};
			};
			buildConfigurationList = 2A7F5A4E29BE9E5E005CAF84 /* Build configuration list for PBXProject "SwiftUILearning" */;
			compatibilityVersion = "Xcode 13.0";
			developmentRegion = en;
			hasScannedForEncodings = 0;
			knownRegions = (
				en,
				Base,
			);
			mainGroup = 2A7F5A4A29BE9E5E005CAF84;
			productRefGroup = 2A7F5A5429BE9E5E005CAF84 /* Products */;
			projectDirPath = "";
			projectRoot = "";
			targets = (
				2A7F5A5229BE9E5E005CAF84 /* SwiftUILearning */,
			);
		};
/* End PBXProject section */

/* Begin PBXResourcesBuildPhase section */
		2A7F5A5129BE9E5E005CAF84 /* Resources */ = {
			isa = PBXResourcesBuildPhase;
			buildActionMask = 2147483647;
			files = (
				2A7F5A5E29BE9E60005CAF84 /* Preview Assets.xcassets in Resources */,
				2A7F5A5B29BE9E60005CAF84 /* Assets.xcassets in Resources */,
			);
			runOnlyForDeploymentPostprocessing = 0;
		};
/* End PBXResourcesBuildPhase section */

/* Begin PBXSourcesBuildPhase section */
		2A7F5A4F29BE9E5E005CAF84 /* Sources */ = {
			isa = PBXSourcesBuildPhase;
			buildActionMask = 2147483647;
			files = (
				2A02C41529C44CD300A59792 /* TabviewBootCamp.swift in Sources */,
				2A02C40529C3308A00A59792 /* BindingBootCamp.swift in Sources */,
				2A85953F29C2324000B062F9 /* ButtonBootCamp.swift in Sources */,
				2AB6A04B29BF847E000C11F3 /* colorBootCamp.swift in Sources */,
				2A85953529C1CD5A00B062F9 /* PeddingBootCamp.swift in Sources */,
				2A02C40D29C3650F00A59792 /* navigationBootCamp.swift in Sources */,
				2AB6A04929BF2DBE000C11F3 /* ShapesBootcamp.swift in Sources */,
				2A02C40B29C3568C00A59792 /* SheetsBootCamp.swift in Sources */,
				2AB6A04D29BF9E83000C11F3 /* imageBootCamp.swift in Sources */,
				2A85953B29C1DBED00B062F9 /* ScrollViewBootCamp.swift in Sources */,
				2A02C40929C34F6800A59792 /* AnimationBootCamp.swift in Sources */,
				2A7F5A6029BE9E60005CAF84 /* Persistence.swift in Sources */,
				2A7F5A5929BE9E5E005CAF84 /* ContentView.swift in Sources */,
				2A7F5A5729BE9E5E005CAF84 /* SwiftUILearningApp.swift in Sources */,
				2A02C40729C33B5A00A59792 /* conditionalBootCamp.swift in Sources */,
				2AB80A3529C48FA000C36F71 /* ViewModelBotCamp.swift in Sources */,
				2A02C41129C37F4600A59792 /* ListBootCamp.swift in Sources */,
				2A85953929C1D88A00B062F9 /* ForEachBootCamp.swift in Sources */,
				2AB6A04F29BFA290000C11F3 /* FrameBootCamp.swift in Sources */,
				2AB80A3129C4790300C36F71 /* onAppearBootCamp.swift in Sources */,
				2A7F5A6329BE9E60005CAF84 /* SwiftUILearning.xcdatamodeld in Sources */,
				2A85953129C1B69700B062F9 /* VHZStackBootCamp.swift in Sources */,
				2A8B8D9C29C24553004F9641 /* ExtractBootCamp.swift in Sources */,
				2A85953729C1D1CC00B062F9 /* initialiserBootCamp.swift in Sources */,
				2A85952F29C0E9B400B062F9 /* overlayBootCamp.swift in Sources */,
				2AB80A3329C4887F00C36F71 /* ModelBootCamp.swift in Sources */,
				2A85953D29C222E100B062F9 /* GridBootCamp.swift in Sources */,
				2A02C41329C395B800A59792 /* TextBootCamp.swift in Sources */,
				2AB80A3729C4C3C300C36F71 /* EnvironmentBootCamp.swift in Sources */,
			);
			runOnlyForDeploymentPostprocessing = 0;
		};
/* End PBXSourcesBuildPhase section */

/* Begin XCBuildConfiguration section */
		2A7F5A6429BE9E60005CAF84 /* Debug */ = {
			isa = XCBuildConfiguration;
			buildSettings = {
				ALWAYS_SEARCH_USER_PATHS = NO;
				CLANG_ANALYZER_NONNULL = YES;
				CLANG_ANALYZER_NUMBER_OBJECT_CONVERSION = YES_AGGRESSIVE;
				CLANG_CXX_LANGUAGE_STANDARD = "gnu++17";
				CLANG_ENABLE_MODULES = YES;
				CLANG_ENABLE_OBJC_ARC = YES;
				CLANG_ENABLE_OBJC_WEAK = YES;
				CLANG_WARN_BLOCK_CAPTURE_AUTORELEASING = YES;
				CLANG_WARN_BOOL_CONVERSION = YES;
				CLANG_WARN_COMMA = YES;
				CLANG_WARN_CONSTANT_CONVERSION = YES;
				CLANG_WARN_DEPRECATED_OBJC_IMPLEMENTATIONS = YES;
				CLANG_WARN_DIRECT_OBJC_ISA_USAGE = YES_ERROR;
				CLANG_WARN_DOCUMENTATION_COMMENTS = YES;
				CLANG_WARN_EMPTY_BODY = YES;
				CLANG_WARN_ENUM_CONVERSION = YES;
				CLANG_WARN_INFINITE_RECURSION = YES;
				CLANG_WARN_INT_CONVERSION = YES;
				CLANG_WARN_NON_LITERAL_NULL_CONVERSION = YES;
				CLANG_WARN_OBJC_IMPLICIT_RETAIN_SELF = YES;
				CLANG_WARN_OBJC_LITERAL_CONVERSION = YES;
				CLANG_WARN_OBJC_ROOT_CLASS = YES_ERROR;
				CLANG_WARN_QUOTED_INCLUDE_IN_FRAMEWORK_HEADER = YES;
				CLANG_WARN_RANGE_LOOP_ANALYSIS = YES;
				CLANG_WARN_STRICT_PROTOTYPES = YES;
				CLANG_WARN_SUSPICIOUS_MOVE = YES;
				CLANG_WARN_UNGUARDED_AVAILABILITY = YES_AGGRESSIVE;
				CLANG_WARN_UNREACHABLE_CODE = YES;
				CLANG_WARN__DUPLICATE_METHOD_MATCH = YES;
				COPY_PHASE_STRIP = NO;
				DEBUG_INFORMATION_FORMAT = dwarf;
				ENABLE_STRICT_OBJC_MSGSEND = YES;
				ENABLE_TESTABILITY = YES;
				GCC_C_LANGUAGE_STANDARD = gnu11;
				GCC_DYNAMIC_NO_PIC = NO;
				GCC_NO_COMMON_BLOCKS = YES;
				GCC_OPTIMIZATION_LEVEL = 0;
				GCC_PREPROCESSOR_DEFINITIONS = (
					"DEBUG=1",
					"$(inherited)",
				);
				GCC_WARN_64_TO_32_BIT_CONVERSION = YES;
				GCC_WARN_ABOUT_RETURN_TYPE = YES_ERROR;
				GCC_WARN_UNDECLARED_SELECTOR = YES;
				GCC_WARN_UNINITIALIZED_AUTOS = YES_AGGRESSIVE;
				GCC_WARN_UNUSED_FUNCTION = YES;
				GCC_WARN_UNUSED_VARIABLE = YES;
				IPHONEOS_DEPLOYMENT_TARGET = 15.5;
				MTL_ENABLE_DEBUG_INFO = INCLUDE_SOURCE;
				MTL_FAST_MATH = YES;
				ONLY_ACTIVE_ARCH = YES;
				SDKROOT = iphoneos;
				SWIFT_ACTIVE_COMPILATION_CONDITIONS = DEBUG;
				SWIFT_OPTIMIZATION_LEVEL = "-Onone";
			};
			name = Debug;
		};
		2A7F5A6529BE9E60005CAF84 /* Release */ = {
			isa = XCBuildConfiguration;
			buildSettings = {
				ALWAYS_SEARCH_USER_PATHS = NO;
				CLANG_ANALYZER_NONNULL = YES;
				CLANG_ANALYZER_NUMBER_OBJECT_CONVERSION = YES_AGGRESSIVE;
				CLANG_CXX_LANGUAGE_STANDARD = "gnu++17";
				CLANG_ENABLE_MODULES = YES;
				CLANG_ENABLE_OBJC_ARC = YES;
				CLANG_ENABLE_OBJC_WEAK = YES;
				CLANG_WARN_BLOCK_CAPTURE_AUTORELEASING = YES;
				CLANG_WARN_BOOL_CONVERSION = YES;
				CLANG_WARN_COMMA = YES;
				CLANG_WARN_CONSTANT_CONVERSION = YES;
				CLANG_WARN_DEPRECATED_OBJC_IMPLEMENTATIONS = YES;
				CLANG_WARN_DIRECT_OBJC_ISA_USAGE = YES_ERROR;
				CLANG_WARN_DOCUMENTATION_COMMENTS = YES;
				CLANG_WARN_EMPTY_BODY = YES;
				CLANG_WARN_ENUM_CONVERSION = YES;
				CLANG_WARN_INFINITE_RECURSION = YES;
				CLANG_WARN_INT_CONVERSION = YES;
				CLANG_WARN_NON_LITERAL_NULL_CONVERSION = YES;
				CLANG_WARN_OBJC_IMPLICIT_RETAIN_SELF = YES;
				CLANG_WARN_OBJC_LITERAL_CONVERSION = YES;
				CLANG_WARN_OBJC_ROOT_CLASS = YES_ERROR;
				CLANG_WARN_QUOTED_INCLUDE_IN_FRAMEWORK_HEADER = YES;
				CLANG_WARN_RANGE_LOOP_ANALYSIS = YES;
				CLANG_WARN_STRICT_PROTOTYPES = YES;
				CLANG_WARN_SUSPICIOUS_MOVE = YES;
				CLANG_WARN_UNGUARDED_AVAILABILITY = YES_AGGRESSIVE;
				CLANG_WARN_UNREACHABLE_CODE = YES;
				CLANG_WARN__DUPLICATE_METHOD_MATCH = YES;
				COPY_PHASE_STRIP = NO;
				DEBUG_INFORMATION_FORMAT = "dwarf-with-dsym";
				ENABLE_NS_ASSERTIONS = NO;
				ENABLE_STRICT_OBJC_MSGSEND = YES;
				GCC_C_LANGUAGE_STANDARD = gnu11;
				GCC_NO_COMMON_BLOCKS = YES;
				GCC_WARN_64_TO_32_BIT_CONVERSION = YES;
				GCC_WARN_ABOUT_RETURN_TYPE = YES_ERROR;
				GCC_WARN_UNDECLARED_SELECTOR = YES;
				GCC_WARN_UNINITIALIZED_AUTOS = YES_AGGRESSIVE;
				GCC_WARN_UNUSED_FUNCTION = YES;
				GCC_WARN_UNUSED_VARIABLE = YES;
				IPHONEOS_DEPLOYMENT_TARGET = 15.5;
				MTL_ENABLE_DEBUG_INFO = NO;
				MTL_FAST_MATH = YES;
				SDKROOT = iphoneos;
				SWIFT_COMPILATION_MODE = wholemodule;
				SWIFT_OPTIMIZATION_LEVEL = "-O";
				VALIDATE_PRODUCT = YES;
			};
			name = Release;
		};
		2A7F5A6729BE9E60005CAF84 /* Debug */ = {
			isa = XCBuildConfiguration;
			buildSettings = {
				ASSETCATALOG_COMPILER_APPICON_NAME = AppIcon;
				ASSETCATALOG_COMPILER_GLOBAL_ACCENT_COLOR_NAME = AccentColor;
				CODE_SIGN_STYLE = Automatic;
				CURRENT_PROJECT_VERSION = 1;
				DEVELOPMENT_ASSET_PATHS = "\"SwiftUILearning/Preview Content\"";
				ENABLE_PREVIEWS = YES;
				GENERATE_INFOPLIST_FILE = YES;
				INFOPLIST_KEY_UIApplicationSceneManifest_Generation = YES;
				INFOPLIST_KEY_UIApplicationSupportsIndirectInputEvents = YES;
				INFOPLIST_KEY_UILaunchScreen_Generation = YES;
				INFOPLIST_KEY_UISupportedInterfaceOrientations_iPad = "UIInterfaceOrientationPortrait UIInterfaceOrientationPortraitUpsideDown UIInterfaceOrientationLandscapeLeft UIInterfaceOrientationLandscapeRight";
				INFOPLIST_KEY_UISupportedInterfaceOrientations_iPhone = "UIInterfaceOrientationPortrait UIInterfaceOrientationLandscapeLeft UIInterfaceOrientationLandscapeRight";
				LD_RUNPATH_SEARCH_PATHS = (
					"$(inherited)",
					"@executable_path/Frameworks",
				);
				MARKETING_VERSION = 1.0;
				PRODUCT_BUNDLE_IDENTIFIER = com.mehul.otipad.SwiftUILearning;
				PRODUCT_NAME = "$(TARGET_NAME)";
				SWIFT_EMIT_LOC_STRINGS = YES;
				SWIFT_VERSION = 5.0;
				TARGETED_DEVICE_FAMILY = "1,2";
			};
			name = Debug;
		};
		2A7F5A6829BE9E60005CAF84 /* Release */ = {
			isa = XCBuildConfiguration;
			buildSettings = {
				ASSETCATALOG_COMPILER_APPICON_NAME = AppIcon;
				ASSETCATALOG_COMPILER_GLOBAL_ACCENT_COLOR_NAME = AccentColor;
				CODE_SIGN_STYLE = Automatic;
				CURRENT_PROJECT_VERSION = 1;
				DEVELOPMENT_ASSET_PATHS = "\"SwiftUILearning/Preview Content\"";
				ENABLE_PREVIEWS = YES;
				GENERATE_INFOPLIST_FILE = YES;
				INFOPLIST_KEY_UIApplicationSceneManifest_Generation = YES;
				INFOPLIST_KEY_UIApplicationSupportsIndirectInputEvents = YES;
				INFOPLIST_KEY_UILaunchScreen_Generation = YES;
				INFOPLIST_KEY_UISupportedInterfaceOrientations_iPad = "UIInterfaceOrientationPortrait UIInterfaceOrientationPortraitUpsideDown UIInterfaceOrientationLandscapeLeft UIInterfaceOrientationLandscapeRight";
				INFOPLIST_KEY_UISupportedInterfaceOrientations_iPhone = "UIInterfaceOrientationPortrait UIInterfaceOrientationLandscapeLeft UIInterfaceOrientationLandscapeRight";
				LD_RUNPATH_SEARCH_PATHS = (
					"$(inherited)",
					"@executable_path/Frameworks",
				);
				MARKETING_VERSION = 1.0;
				PRODUCT_BUNDLE_IDENTIFIER = com.mehul.otipad.SwiftUILearning;
				PRODUCT_NAME = "$(TARGET_NAME)";
				SWIFT_EMIT_LOC_STRINGS = YES;
				SWIFT_VERSION = 5.0;
				TARGETED_DEVICE_FAMILY = "1,2";
			};
			name = Release;
		};
/* End XCBuildConfiguration section */

/* Begin XCConfigurationList section */
		2A7F5A4E29BE9E5E005CAF84 /* Build configuration list for PBXProject "SwiftUILearning" */ = {
			isa = XCConfigurationList;
			buildConfigurations = (
				2A7F5A6429BE9E60005CAF84 /* Debug */,
				2A7F5A6529BE9E60005CAF84 /* Release */,
			);
			defaultConfigurationIsVisible = 0;
			defaultConfigurationName = Release;
		};
		2A7F5A6629BE9E60005CAF84 /* Build configuration list for PBXNativeTarget "SwiftUILearning" */ = {
			isa = XCConfigurationList;
			buildConfigurations = (
				2A7F5A6729BE9E60005CAF84 /* Debug */,
				2A7F5A6829BE9E60005CAF84 /* Release */,
			);
			defaultConfigurationIsVisible = 0;
			defaultConfigurationName = Release;
		};
/* End XCConfigurationList section */

/* Begin XCVersionGroup section */
		2A7F5A6129BE9E60005CAF84 /* SwiftUILearning.xcdatamodeld */ = {
			isa = XCVersionGroup;
			children = (
				2A7F5A6229BE9E60005CAF84 /* SwiftUILearning.xcdatamodel */,
			);
			currentVersion = 2A7F5A6229BE9E60005CAF84 /* SwiftUILearning.xcdatamodel */;
			path = SwiftUILearning.xcdatamodeld;
			sourceTree = "<group>";
			versionGroupType = wrapper.xcdatamodel;
		};
/* End XCVersionGroup section */
	};
	rootObject = 2A7F5A4B29BE9E5E005CAF84 /* Project object */;
}
